
Microsoft Visual Studio Solution File, Format Version 11.00
# Visual Studio 2010
Project("{FAE04EC0-301F-11D3-BF4B-00C04F79EFBC}") = "Assembly-CSharp", "Assembly-CSharp.csproj", "{1E407F23-8F27-1D98-FE83-738BE5FC8F86}"
EndProject
Project("{FAE04EC0-301F-11D3-BF4B-00C04F79EFBC}") = "Assembly-CSharp-firstpass", "Assembly-CSharp-firstpass.csproj", "{8DE7D88A-FF76-2855-E9C8-558DB40A0AAB}"
EndProject
Project("{FAE04EC0-301F-11D3-BF4B-00C04F79EFBC}") = "Assembly-CSharp-Editor-firstpass", "Assembly-CSharp-Editor-firstpass.csproj", "{45CCA1DD-980C-122A-D2D7-E27D0FD28077}"
EndProject
Project("{FAE04EC0-301F-11D3-BF4B-00C04F79EFBC}") = "Assembly-CSharp-Editor", "Assembly-CSharp-Editor.csproj", "{16864695-E035-C475-C7BB-E60CCDCB8F04}"
EndProject
Global
	GlobalSection(SolutionConfigurationPlatforms) = preSolution
		Debug|Any CPU = Debug|Any CPU
		Release|Any CPU = Release|Any CPU
	EndGlobalSection
	GlobalSection(ProjectConfigurationPlatforms) = postSolution
		{1E407F23-8F27-1D98-FE83-738BE5FC8F86}.Debug|Any CPU.ActiveCfg = Debug|Any CPU
		{1E407F23-8F27-1D98-FE83-738BE5FC8F86}.Debug|Any CPU.Build.0 = Debug|Any CPU
		{1E407F23-8F27-1D98-FE83-738BE5FC8F86}.Release|Any CPU.ActiveCfg = Release|Any CPU
		{1E407F23-8F27-1D98-FE83-738BE5FC8F86}.Release|Any CPU.Build.0 = Release|Any CPU
		{8DE7D88A-FF76-2855-E9C8-558DB40A0AAB}.Debug|Any CPU.ActiveCfg = Debug|Any CPU
		{8DE7D88A-FF76-2855-E9C8-558DB40A0AAB}.Debug|Any CPU.Build.0 = Debug|Any CPU
		{8DE7D88A-FF76-2855-E9C8-558DB40A0AAB}.Release|Any CPU.ActiveCfg = Release|Any CPU
		{8DE7D88A-FF76-2855-E9C8-558DB40A0AAB}.Release|Any CPU.Build.0 = Release|Any CPU
		{45CCA1DD-980C-122A-D2D7-E27D0FD28077}.Debug|Any CPU.ActiveCfg = Debug|Any CPU
		{45CCA1DD-980C-122A-D2D7-E27D0FD28077}.Debug|Any CPU.Build.0 = Debug|Any CPU
		{45CCA1DD-980C-122A-D2D7-E27D0FD28077}.Release|Any CPU.ActiveCfg = Release|Any CPU
		{45CCA1DD-980C-122A-D2D7-E27D0FD28077}.Release|Any CPU.Build.0 = Release|Any CPU
		{16864695-E035-C475-C7BB-E60CCDCB8F04}.Debug|Any CPU.ActiveCfg = Debug|Any CPU
		{16864695-E035-C475-C7BB-E60CCDCB8F04}.Debug|Any CPU.Build.0 = Debug|Any CPU
		{16864695-E035-C475-C7BB-E60CCDCB8F04}.Release|Any CPU.ActiveCfg = Release|Any CPU
		{16864695-E035-C475-C7BB-E60CCDCB8F04}.Release|Any CPU.Build.0 = Release|Any CPU
	EndGlobalSection
	GlobalSection(SolutionProperties) = preSolution
		HideSolutionNode = FALSE
	EndGlobalSection
	GlobalSection(MonoDevelopProperties) = preSolution
		StartupItem = Assembly-CSharp.csproj
	EndGlobalSection
EndGlobal
